// !$*UTF8*$!
{
	archiveVersion = 1;
	classes = {
	};
	objectVersion = 77;
	objects = {

/* Begin PBXBuildFile section */
		B44248D32E7325350061FA5E /* Inject in Frameworks */ = {isa = PBXBuildFile; productRef = B44248D22E7325350061FA5E /* Inject */; };
		B4747F432E4BA1B200F6ACE5 /* AppRouter in Frameworks */ = {isa = PBXBuildFile; productRef = B4747F422E4BA1B200F6ACE5 /* AppRouter */; };
		B484D3C62EBEA99C00911E17 /* RevenueCat in Frameworks */ = {isa = PBXBuildFile; productRef = B484D3C52EBEA99C00911E17 /* RevenueCat */; };
		B484D3C82EBEA99C00911E17 /* RevenueCatUI in Frameworks */ = {isa = PBXBuildFile; productRef = B484D3C72EBEA99C00911E17 /* RevenueCatUI */; };
		B484D3CD2EBEA9D500911E17 /* StoreKit.framework in Frameworks */ = {isa = PBXBuildFile; fileRef = B484D3CC2EBEA9D500911E17 /* StoreKit.framework */; };
		B48845FC2E461E52006DB382 /* Auth in Frameworks */ = {isa = PBXBuildFile; productRef = B48845FB2E461E52006DB382 /* Auth */; };
		B48845FE2E461E52006DB382 /* Functions in Frameworks */ = {isa = PBXBuildFile; productRef = B48845FD2E461E52006DB382 /* Functions */; };
		B48846002E461E52006DB382 /* PostgREST in Frameworks */ = {isa = PBXBuildFile; productRef = B48845FF2E461E52006DB382 /* PostgREST */; };
		B48846022E461E52006DB382 /* Realtime in Frameworks */ = {isa = PBXBuildFile; productRef = B48846012E461E52006DB382 /* Realtime */; };
		B48846042E461E52006DB382 /* Storage in Frameworks */ = {isa = PBXBuildFile; productRef = B48846032E461E52006DB382 /* Storage */; };
		B48846062E461E52006DB382 /* Supabase in Frameworks */ = {isa = PBXBuildFile; productRef = B48846052E461E52006DB382 /* Supabase */; };
		B492E0A12F03F2C9007F4C2B /* LaRocacylPlay.storekit in Resources */ = {isa = PBXBuildFile; fileRef = B492E09C2F03F2C9007F4C2B /* LaRocacylPlay.storekit */; };
		B492E2A12F040C7F007F4C2B /* StoreKitTestCertificate.cer in Resources */ = {isa = PBXBuildFile; fileRef = B492E2A02F040C7F007F4C2B /* StoreKitTestCertificate.cer */; };
		B49DA99E2E50A88800B0E571 /* ConfidentialKit in Frameworks */ = {isa = PBXBuildFile; productRef = B49DA99D2E50A88800B0E571 /* ConfidentialKit */; };
		B4F0F7752F10A20E003E4A5C /* YouTubeiOSPlayerHelper in Frameworks */ = {isa = PBXBuildFile; productRef = B4F0F7742F10A20E003E4A5C /* YouTubeiOSPlayerHelper */; };
/* End PBXBuildFile section */

/* Begin PBXFileReference section */
		B484D3CC2EBEA9D500911E17 /* StoreKit.framework */ = {isa = PBXFileReference; lastKnownFileType = wrapper.framework; name = StoreKit.framework; path = System/Library/Frameworks/StoreKit.framework; sourceTree = SDKROOT; };
		B492E09C2F03F2C9007F4C2B /* LaRocacylPlay.storekit */ = {isa = PBXFileReference; lastKnownFileType = text; path = LaRocacylPlay.storekit; sourceTree = "<group>"; };
		B492E2A02F040C7F007F4C2B /* StoreKitTestCertificate.cer */ = {isa = PBXFileReference; lastKnownFileType = file; path = StoreKitTestCertificate.cer; sourceTree = "<group>"; };
		B4A75FB72E3D27D0005568C4 /* LaRocaPlay.app */ = {isa = PBXFileReference; explicitFileType = wrapper.application; includeInIndex = 0; path = LaRocaPlay.app; sourceTree = BUILT_PRODUCTS_DIR; };
/* End PBXFileReference section */

/* Begin PBXFileSystemSynchronizedBuildFileExceptionSet section */
		B4AE9ECF2EFC17A2007A6D49 /* Exceptions for "LaRocaPlay" folder in "LaRocaPlay" target */ = {
			isa = PBXFileSystemSynchronizedBuildFileExceptionSet;
			membershipExceptions = (
				FolderStructure.md,
				Info.plist,
			);
			target = B4A75FB62E3D27D0005568C4 /* LaRocaPlay */;
		};
/* End PBXFileSystemSynchronizedBuildFileExceptionSet section */

/* Begin PBXFileSystemSynchronizedGroupBuildPhaseMembershipExceptionSet section */
		B4AE9ED02EFC17A2007A6D49 /* Exceptions for "LaRocaPlay" folder in "Compile Sources" phase from "LaRocaPlay" target */ = {
			isa = PBXFileSystemSynchronizedGroupBuildPhaseMembershipExceptionSet;
			buildPhase = B4A75FB32E3D27D0005568C4 /* Sources */;
			membershipExceptions = (
				FolderStructure.md,
			);
		};
/* End PBXFileSystemSynchronizedGroupBuildPhaseMembershipExceptionSet section */

/* Begin PBXFileSystemSynchronizedRootGroup section */
		B4A75FB92E3D27D0005568C4 /* LaRocaPlay */ = {
			isa = PBXFileSystemSynchronizedRootGroup;
			exceptions = (
				B4AE9ECF2EFC17A2007A6D49 /* Exceptions for "LaRocaPlay" folder in "LaRocaPlay" target */,
				B4AE9ED02EFC17A2007A6D49 /* Exceptions for "LaRocaPlay" folder in "Compile Sources" phase from "LaRocaPlay" target */,
			);
			path = LaRocaPlay;
			sourceTree = "<group>";
		};
/* End PBXFileSystemSynchronizedRootGroup section */

/* Begin PBXFrameworksBuildPhase section */
		B4A75FB42E3D27D0005568C4 /* Frameworks */ = {
			isa = PBXFrameworksBuildPhase;
			buildActionMask = 2147483647;
			files = (
				B49DA99E2E50A88800B0E571 /* ConfidentialKit in Frameworks */,
				B48846062E461E52006DB382 /* Supabase in Frameworks */,
				B48846042E461E52006DB382 /* Storage in Frameworks */,
				B48846002E461E52006DB382 /* PostgREST in Frameworks */,
				B484D3C62EBEA99C00911E17 /* RevenueCat in Frameworks */,
				B4747F432E4BA1B200F6ACE5 /* AppRouter in Frameworks */,
				B44248D32E7325350061FA5E /* Inject in Frameworks */,
				B48845FE2E461E52006DB382 /* Functions in Frameworks */,
				B4F0F7752F10A20E003E4A5C /* YouTubeiOSPlayerHelper in Frameworks */,
				B484D3C82EBEA99C00911E17 /* RevenueCatUI in Frameworks */,
				B48845FC2E461E52006DB382 /* Auth in Frameworks */,
				B48846022E461E52006DB382 /* Realtime in Frameworks */,
				B484D3CD2EBEA9D500911E17 /* StoreKit.framework in Frameworks */,
			);
			runOnlyForDeploymentPostprocessing = 0;
		};
/* End PBXFrameworksBuildPhase section */

/* Begin PBXGroup section */
		B484D3CB2EBEA9D500911E17 /* Frameworks */ = {
			isa = PBXGroup;
			children = (
				B484D3CC2EBEA9D500911E17 /* StoreKit.framework */,
			);
			name = Frameworks;
			sourceTree = "<group>";
		};
		B4A75FAE2E3D27CF005568C4 = {
			isa = PBXGroup;
			children = (
				B4A75FB92E3D27D0005568C4 /* LaRocaPlay */,
				B484D3CB2EBEA9D500911E17 /* Frameworks */,
				B4A75FB82E3D27D0005568C4 /* Products */,
				B492E09C2F03F2C9007F4C2B /* LaRocacylPlay.storekit */,
				B492E2A02F040C7F007F4C2B /* StoreKitTestCertificate.cer */,
			);
			sourceTree = "<group>";
		};
		B4A75FB82E3D27D0005568C4 /* Products */ = {
			isa = PBXGroup;
			children = (
				B4A75FB72E3D27D0005568C4 /* LaRocaPlay.app */,
			);
			name = Products;
			sourceTree = "<group>";
		};
/* End PBXGroup section */

/* Begin PBXNativeTarget section */
		B4A75FB62E3D27D0005568C4 /* LaRocaPlay */ = {
			isa = PBXNativeTarget;
			buildConfigurationList = B4A75FC22E3D27D1005568C4 /* Build configuration list for PBXNativeTarget "LaRocaPlay" */;
			buildPhases = (
				B4A75FB32E3D27D0005568C4 /* Sources */,
				B4A75FB42E3D27D0005568C4 /* Frameworks */,
				B4A75FB52E3D27D0005568C4 /* Resources */,
			);
			buildRules = (
			);
			dependencies = (
				B49DA9A02E50A8B800B0E571 /* PBXTargetDependency */,
			);
			fileSystemSynchronizedGroups = (
				B4A75FB92E3D27D0005568C4 /* LaRocaPlay */,
			);
			name = LaRocaPlay;
			packageProductDependencies = (
				B48845FB2E461E52006DB382 /* Auth */,
				B48845FD2E461E52006DB382 /* Functions */,
				B48845FF2E461E52006DB382 /* PostgREST */,
				B48846012E461E52006DB382 /* Realtime */,
				B48846032E461E52006DB382 /* Storage */,
				B48846052E461E52006DB382 /* Supabase */,
				B4747F422E4BA1B200F6ACE5 /* AppRouter */,
				B49DA99D2E50A88800B0E571 /* ConfidentialKit */,
				B44248D22E7325350061FA5E /* Inject */,
				B484D3C52EBEA99C00911E17 /* RevenueCat */,
				B484D3C72EBEA99C00911E17 /* RevenueCatUI */,
				B4F0F7742F10A20E003E4A5C /* YouTubeiOSPlayerHelper */,
			);
			productName = LaRocaPlay;
			productReference = B4A75FB72E3D27D0005568C4 /* LaRocaPlay.app */;
			productType = "com.apple.product-type.application";
		};
/* End PBXNativeTarget section */

/* Begin PBXProject section */
		B4A75FAF2E3D27CF005568C4 /* Project object */ = {
			isa = PBXProject;
			attributes = {
				BuildIndependentTargetsInParallel = 1;
				LastSwiftUpdateCheck = 1640;
				LastUpgradeCheck = 2600;
				TargetAttributes = {
					B4A75FB62E3D27D0005568C4 = {
						CreatedOnToolsVersion = 16.4;
					};
				};
			};
			buildConfigurationList = B4A75FB22E3D27CF005568C4 /* Build configuration list for PBXProject "LaRocaPlay" */;
			developmentRegion = en;
			hasScannedForEncodings = 0;
			knownRegions = (
				en,
				Base,
			);
			mainGroup = B4A75FAE2E3D27CF005568C4;
			minimizedProjectReferenceProxies = 1;
			packageReferences = (
				B48845DD2E461DAF006DB382 /* XCRemoteSwiftPackageReference "supabase-swift" */,
				B4747F412E4BA1B200F6ACE5 /* XCRemoteSwiftPackageReference "AppRouter" */,
				B49DA9942E50A40300B0E571 /* XCRemoteSwiftPackageReference "swift-confidential-plugin" */,
				B49DA99C2E50A88800B0E571 /* XCRemoteSwiftPackageReference "swift-confidential" */,
				B44248D12E7325350061FA5E /* XCRemoteSwiftPackageReference "Inject" */,
				B484D3C42EBEA99C00911E17 /* XCRemoteSwiftPackageReference "purchases-ios-spm" */,
				B4F0F7732F10A20E003E4A5C /* XCRemoteSwiftPackageReference "youtube-ios-player-helper" */,
			);
			preferredProjectObjectVersion = 77;
			productRefGroup = B4A75FB82E3D27D0005568C4 /* Products */;
			projectDirPath = "";
			projectRoot = "";
			targets = (
				B4A75FB62E3D27D0005568C4 /* LaRocaPlay */,
			);
		};
/* End PBXProject section */

/* Begin PBXResourcesBuildPhase section */
		B4A75FB52E3D27D0005568C4 /* Resources */ = {
			isa = PBXResourcesBuildPhase;
			buildActionMask = 2147483647;
			files = (
				B492E0A12F03F2C9007F4C2B /* LaRocacylPlay.storekit in Resources */,
				B492E2A12F040C7F007F4C2B /* StoreKitTestCertificate.cer in Resources */,
			);
			runOnlyForDeploymentPostprocessing = 0;
		};
/* End PBXResourcesBuildPhase section */

/* Begin PBXSourcesBuildPhase section */
		B4A75FB32E3D27D0005568C4 /* Sources */ = {
			isa = PBXSourcesBuildPhase;
			buildActionMask = 2147483647;
			files = (
			);
			runOnlyForDeploymentPostprocessing = 0;
		};
/* End PBXSourcesBuildPhase section */

/* Begin PBXTargetDependency section */
		B49DA9A02E50A8B800B0E571 /* PBXTargetDependency */ = {
			isa = PBXTargetDependency;
			productRef = B49DA99F2E50A8B800B0E571 /* Confidential */;
		};
/* End PBXTargetDependency section */

/* Begin XCBuildConfiguration section */
		B4A75FC02E3D27D1005568C4 /* Debug */ = {
			isa = XCBuildConfiguration;
			buildSettings = {
				ALWAYS_SEARCH_USER_PATHS = NO;
				ASSETCATALOG_COMPILER_GENERATE_SWIFT_ASSET_SYMBOL_EXTENSIONS = YES;
				CLANG_ANALYZER_NONNULL = YES;
				CLANG_ANALYZER_NUMBER_OBJECT_CONVERSION = YES_AGGRESSIVE;
				CLANG_CXX_LANGUAGE_STANDARD = "gnu++20";
				CLANG_ENABLE_MODULES = YES;
				CLANG_ENABLE_OBJC_ARC = YES;
				CLANG_ENABLE_OBJC_WEAK = YES;
				CLANG_WARN_BLOCK_CAPTURE_AUTORELEASING = YES;
				CLANG_WARN_BOOL_CONVERSION = YES;
				CLANG_WARN_COMMA = YES;
				CLANG_WARN_CONSTANT_CONVERSION = YES;
				CLANG_WARN_DEPRECATED_OBJC_IMPLEMENTATIONS = YES;
				CLANG_WARN_DIRECT_OBJC_ISA_USAGE = YES_ERROR;
				CLANG_WARN_DOCUMENTATION_COMMENTS = YES;
				CLANG_WARN_EMPTY_BODY = YES;
				CLANG_WARN_ENUM_CONVERSION = YES;
				CLANG_WARN_INFINITE_RECURSION = YES;
				CLANG_WARN_INT_CONVERSION = YES;
				CLANG_WARN_NON_LITERAL_NULL_CONVERSION = YES;
				CLANG_WARN_OBJC_IMPLICIT_RETAIN_SELF = YES;
				CLANG_WARN_OBJC_LITERAL_CONVERSION = YES;
				CLANG_WARN_OBJC_ROOT_CLASS = YES_ERROR;
				CLANG_WARN_QUOTED_INCLUDE_IN_FRAMEWORK_HEADER = YES;
				CLANG_WARN_RANGE_LOOP_ANALYSIS = YES;
				CLANG_WARN_STRICT_PROTOTYPES = YES;
				CLANG_WARN_SUSPICIOUS_MOVE = YES;
				CLANG_WARN_UNGUARDED_AVAILABILITY = YES_AGGRESSIVE;
				CLANG_WARN_UNREACHABLE_CODE = YES;
				CLANG_WARN__DUPLICATE_METHOD_MATCH = YES;
				COPY_PHASE_STRIP = NO;
				DEBUG_INFORMATION_FORMAT = dwarf;
				DEVELOPMENT_TEAM = 5VZ6Q8DGLP;
				EMIT_FRONTEND_COMMAND_LINES = YES;
				ENABLE_STRICT_OBJC_MSGSEND = YES;
				ENABLE_TESTABILITY = YES;
				ENABLE_USER_SCRIPT_SANDBOXING = YES;
				GCC_C_LANGUAGE_STANDARD = gnu17;
				GCC_DYNAMIC_NO_PIC = NO;
				GCC_NO_COMMON_BLOCKS = YES;
				GCC_OPTIMIZATION_LEVEL = 0;
				GCC_PREPROCESSOR_DEFINITIONS = (
					"DEBUG=1",
					"$(inherited)",
				);
				GCC_WARN_64_TO_32_BIT_CONVERSION = YES;
				GCC_WARN_ABOUT_RETURN_TYPE = YES_ERROR;
				GCC_WARN_UNDECLARED_SELECTOR = YES;
				GCC_WARN_UNINITIALIZED_AUTOS = YES_AGGRESSIVE;
				GCC_WARN_UNUSED_FUNCTION = YES;
				GCC_WARN_UNUSED_VARIABLE = YES;
				IPHONEOS_DEPLOYMENT_TARGET = 18.5;
				LOCALIZATION_PREFERS_STRING_CATALOGS = YES;
				MTL_ENABLE_DEBUG_INFO = INCLUDE_SOURCE;
				MTL_FAST_MATH = YES;
				ONLY_ACTIVE_ARCH = YES;
				SDKROOT = iphoneos;
				STRING_CATALOG_GENERATE_SYMBOLS = YES;
				SWIFT_ACTIVE_COMPILATION_CONDITIONS = "DEBUG $(inherited)";
				SWIFT_OPTIMIZATION_LEVEL = "-Onone";
			};
			name = Debug;
		};
		B4A75FC12E3D27D1005568C4 /* Release */ = {
			isa = XCBuildConfiguration;
			buildSettings = {
				ALWAYS_SEARCH_USER_PATHS = NO;
				ASSETCATALOG_COMPILER_GENERATE_SWIFT_ASSET_SYMBOL_EXTENSIONS = YES;
				CLANG_ANALYZER_NONNULL = YES;
				CLANG_ANALYZER_NUMBER_OBJECT_CONVERSION = YES_AGGRESSIVE;
				CLANG_CXX_LANGUAGE_STANDARD = "gnu++20";
				CLANG_ENABLE_MODULES = YES;
				CLANG_ENABLE_OBJC_ARC = YES;
				CLANG_ENABLE_OBJC_WEAK = YES;
				CLANG_WARN_BLOCK_CAPTURE_AUTORELEASING = YES;
				CLANG_WARN_BOOL_CONVERSION = YES;
				CLANG_WARN_COMMA = YES;
				CLANG_WARN_CONSTANT_CONVERSION = YES;
				CLANG_WARN_DEPRECATED_OBJC_IMPLEMENTATIONS = YES;
				CLANG_WARN_DIRECT_OBJC_ISA_USAGE = YES_ERROR;
				CLANG_WARN_DOCUMENTATION_COMMENTS = YES;
				CLANG_WARN_EMPTY_BODY = YES;
				CLANG_WARN_ENUM_CONVERSION = YES;
				CLANG_WARN_INFINITE_RECURSION = YES;
				CLANG_WARN_INT_CONVERSION = YES;
				CLANG_WARN_NON_LITERAL_NULL_CONVERSION = YES;
				CLANG_WARN_OBJC_IMPLICIT_RETAIN_SELF = YES;
				CLANG_WARN_OBJC_LITERAL_CONVERSION = YES;
				CLANG_WARN_OBJC_ROOT_CLASS = YES_ERROR;
				CLANG_WARN_QUOTED_INCLUDE_IN_FRAMEWORK_HEADER = YES;
				CLANG_WARN_RANGE_LOOP_ANALYSIS = YES;
				CLANG_WARN_STRICT_PROTOTYPES = YES;
				CLANG_WARN_SUSPICIOUS_MOVE = YES;
				CLANG_WARN_UNGUARDED_AVAILABILITY = YES_AGGRESSIVE;
				CLANG_WARN_UNREACHABLE_CODE = YES;
				CLANG_WARN__DUPLICATE_METHOD_MATCH = YES;
				COPY_PHASE_STRIP = NO;
				DEBUG_INFORMATION_FORMAT = "dwarf-with-dsym";
				DEVELOPMENT_TEAM = 5VZ6Q8DGLP;
				ENABLE_NS_ASSERTIONS = NO;
				ENABLE_STRICT_OBJC_MSGSEND = YES;
				ENABLE_USER_SCRIPT_SANDBOXING = YES;
				GCC_C_LANGUAGE_STANDARD = gnu17;
				GCC_NO_COMMON_BLOCKS = YES;
				GCC_WARN_64_TO_32_BIT_CONVERSION = YES;
				GCC_WARN_ABOUT_RETURN_TYPE = YES_ERROR;
				GCC_WARN_UNDECLARED_SELECTOR = YES;
				GCC_WARN_UNINITIALIZED_AUTOS = YES_AGGRESSIVE;
				GCC_WARN_UNUSED_FUNCTION = YES;
				GCC_WARN_UNUSED_VARIABLE = YES;
				IPHONEOS_DEPLOYMENT_TARGET = 18.5;
				LOCALIZATION_PREFERS_STRING_CATALOGS = YES;
				MTL_ENABLE_DEBUG_INFO = NO;
				MTL_FAST_MATH = YES;
				SDKROOT = iphoneos;
				STRING_CATALOG_GENERATE_SYMBOLS = YES;
				SWIFT_COMPILATION_MODE = wholemodule;
				VALIDATE_PRODUCT = YES;
			};
			name = Release;
		};
		B4A75FC32E3D27D1005568C4 /* Debug */ = {
			isa = XCBuildConfiguration;
			buildSettings = {
				ASSETCATALOG_COMPILER_APPICON_NAME = AppIcon;
				ASSETCATALOG_COMPILER_GLOBAL_ACCENT_COLOR_NAME = AccentColor;
				CODE_SIGN_STYLE = Automatic;
				CURRENT_PROJECT_VERSION = 1;
				DEVELOPMENT_TEAM = 5VZ6Q8DGLP;
				ENABLE_PREVIEWS = YES;
				GENERATE_INFOPLIST_FILE = YES;
				INFOPLIST_FILE = LaRocaPlay/Info.plist;
				INFOPLIST_KEY_UIApplicationSceneManifest_Generation = YES;
				INFOPLIST_KEY_UIApplicationSupportsIndirectInputEvents = YES;
				INFOPLIST_KEY_UISupportedInterfaceOrientations_iPad = "UIInterfaceOrientationPortrait UIInterfaceOrientationPortraitUpsideDown UIInterfaceOrientationLandscapeLeft UIInterfaceOrientationLandscapeRight";
				INFOPLIST_KEY_UISupportedInterfaceOrientations_iPhone = "UIInterfaceOrientationPortrait UIInterfaceOrientationLandscapeLeft UIInterfaceOrientationLandscapeRight";
				IPHONEOS_DEPLOYMENT_TARGET = 17.5;
				LD_RUNPATH_SEARCH_PATHS = (
					"$(inherited)",
					"@executable_path/Frameworks",
				);
				MARKETING_VERSION = 1.0;
				OTHER_LDFLAGS = (
					"-Xlinker",
					"-interposable",
				);
				PRODUCT_BUNDLE_IDENTIFIER = com.anceldev.LaRocaPlay;
				PRODUCT_NAME = "$(TARGET_NAME)";
				SWIFT_EMIT_LOC_STRINGS = YES;
				SWIFT_VERSION = 5.0;
				TARGETED_DEVICE_FAMILY = "1,2";
			};
			name = Debug;
		};
		B4A75FC42E3D27D1005568C4 /* Release */ = {
			isa = XCBuildConfiguration;
			buildSettings = {
				ASSETCATALOG_COMPILER_APPICON_NAME = AppIcon;
				ASSETCATALOG_COMPILER_GLOBAL_ACCENT_COLOR_NAME = AccentColor;
				CODE_SIGN_STYLE = Automatic;
				CURRENT_PROJECT_VERSION = 1;
				DEVELOPMENT_TEAM = 5VZ6Q8DGLP;
				ENABLE_PREVIEWS = YES;
				GENERATE_INFOPLIST_FILE = YES;
				INFOPLIST_FILE = LaRocaPlay/Info.plist;
				INFOPLIST_KEY_UIApplicationSceneManifest_Generation = YES;
				INFOPLIST_KEY_UIApplicationSupportsIndirectInputEvents = YES;
				INFOPLIST_KEY_UISupportedInterfaceOrientations_iPad = "UIInterfaceOrientationPortrait UIInterfaceOrientationPortraitUpsideDown UIInterfaceOrientationLandscapeLeft UIInterfaceOrientationLandscapeRight";
				INFOPLIST_KEY_UISupportedInterfaceOrientations_iPhone = "UIInterfaceOrientationPortrait UIInterfaceOrientationLandscapeLeft UIInterfaceOrientationLandscapeRight";
				IPHONEOS_DEPLOYMENT_TARGET = 17.5;
				LD_RUNPATH_SEARCH_PATHS = (
					"$(inherited)",
					"@executable_path/Frameworks",
				);
				MARKETING_VERSION = 1.0;
				PRODUCT_BUNDLE_IDENTIFIER = com.anceldev.LaRocaPlay;
				PRODUCT_NAME = "$(TARGET_NAME)";
				SWIFT_EMIT_LOC_STRINGS = YES;
				SWIFT_VERSION = 5.0;
				TARGETED_DEVICE_FAMILY = "1,2";
			};
			name = Release;
		};
/* End XCBuildConfiguration section */

/* Begin XCConfigurationList section */
		B4A75FB22E3D27CF005568C4 /* Build configuration list for PBXProject "LaRocaPlay" */ = {
			isa = XCConfigurationList;
			buildConfigurations = (
				B4A75FC02E3D27D1005568C4 /* Debug */,
				B4A75FC12E3D27D1005568C4 /* Release */,
			);
			defaultConfigurationIsVisible = 0;
			defaultConfigurationName = Release;
		};
		B4A75FC22E3D27D1005568C4 /* Build configuration list for PBXNativeTarget "LaRocaPlay" */ = {
			isa = XCConfigurationList;
			buildConfigurations = (
				B4A75FC32E3D27D1005568C4 /* Debug */,
				B4A75FC42E3D27D1005568C4 /* Release */,
			);
			defaultConfigurationIsVisible = 0;
			defaultConfigurationName = Release;
		};
/* End XCConfigurationList section */

/* Begin XCRemoteSwiftPackageReference section */
		B44248D12E7325350061FA5E /* XCRemoteSwiftPackageReference "Inject" */ = {
			isa = XCRemoteSwiftPackageReference;
			repositoryURL = "https://github.com/krzysztofzablocki/Inject.git";
			requirement = {
				kind = upToNextMajorVersion;
				minimumVersion = 1.5.2;
			};
		};
		B4747F412E4BA1B200F6ACE5 /* XCRemoteSwiftPackageReference "AppRouter" */ = {
			isa = XCRemoteSwiftPackageReference;
			repositoryURL = "https://github.com/Dimillian/AppRouter.git";
			requirement = {
				kind = upToNextMajorVersion;
				minimumVersion = 1.0.2;
			};
		};
		B484D3C42EBEA99C00911E17 /* XCRemoteSwiftPackageReference "purchases-ios-spm" */ = {
			isa = XCRemoteSwiftPackageReference;
			repositoryURL = "https://github.com/RevenueCat/purchases-ios-spm.git";
			requirement = {
				kind = upToNextMajorVersion;
				minimumVersion = 5.47.0;
			};
		};
		B48845DD2E461DAF006DB382 /* XCRemoteSwiftPackageReference "supabase-swift" */ = {
			isa = XCRemoteSwiftPackageReference;
			repositoryURL = "https://github.com/supabase/supabase-swift.git";
			requirement = {
				kind = upToNextMajorVersion;
				minimumVersion = 2.5.1;
			};
		};
		B49DA9942E50A40300B0E571 /* XCRemoteSwiftPackageReference "swift-confidential-plugin" */ = {
			isa = XCRemoteSwiftPackageReference;
			repositoryURL = "https://github.com/securevale/swift-confidential-plugin.git";
			requirement = {
				kind = upToNextMajorVersion;
				minimumVersion = 0.4.1;
			};
		};
		B49DA99C2E50A88800B0E571 /* XCRemoteSwiftPackageReference "swift-confidential" */ = {
			isa = XCRemoteSwiftPackageReference;
			repositoryURL = "https://github.com/securevale/swift-confidential.git";
			requirement = {
				kind = upToNextMajorVersion;
				minimumVersion = 0.4.1;
			};
		};
		B4F0F7732F10A20E003E4A5C /* XCRemoteSwiftPackageReference "youtube-ios-player-helper" */ = {
			isa = XCRemoteSwiftPackageReference;
			repositoryURL = "https://github.com/youtube/youtube-ios-player-helper.git";
			requirement = {
				kind = upToNextMajorVersion;
				minimumVersion = 1.0.4;
			};
		};
/* End XCRemoteSwiftPackageReference section */

/* Begin XCSwiftPackageProductDependency section */
		B44248D22E7325350061FA5E /* Inject */ = {
			isa = XCSwiftPackageProductDependency;
			package = B44248D12E7325350061FA5E /* XCRemoteSwiftPackageReference "Inject" */;
			productName = Inject;
		};
		B4747F422E4BA1B200F6ACE5 /* AppRouter */ = {
			isa = XCSwiftPackageProductDependency;
			package = B4747F412E4BA1B200F6ACE5 /* XCRemoteSwiftPackageReference "AppRouter" */;
			productName = AppRouter;
		};
		B484D3C52EBEA99C00911E17 /* RevenueCat */ = {
			isa = XCSwiftPackageProductDependency;
			package = B484D3C42EBEA99C00911E17 /* XCRemoteSwiftPackageReference "purchases-ios-spm" */;
			productName = RevenueCat;
		};
		B484D3C72EBEA99C00911E17 /* RevenueCatUI */ = {
			isa = XCSwiftPackageProductDependency;
			package = B484D3C42EBEA99C00911E17 /* XCRemoteSwiftPackageReference "purchases-ios-spm" */;
			productName = RevenueCatUI;
		};
		B48845FB2E461E52006DB382 /* Auth */ = {
			isa = XCSwiftPackageProductDependency;
			package = B48845DD2E461DAF006DB382 /* XCRemoteSwiftPackageReference "supabase-swift" */;
			productName = Auth;
		};
		B48845FD2E461E52006DB382 /* Functions */ = {
			isa = XCSwiftPackageProductDependency;
			package = B48845DD2E461DAF006DB382 /* XCRemoteSwiftPackageReference "supabase-swift" */;
			productName = Functions;
		};
		B48845FF2E461E52006DB382 /* PostgREST */ = {
			isa = XCSwiftPackageProductDependency;
			package = B48845DD2E461DAF006DB382 /* XCRemoteSwiftPackageReference "supabase-swift" */;
			productName = PostgREST;
		};
		B48846012E461E52006DB382 /* Realtime */ = {
			isa = XCSwiftPackageProductDependency;
			package = B48845DD2E461DAF006DB382 /* XCRemoteSwiftPackageReference "supabase-swift" */;
			productName = Realtime;
		};
		B48846032E461E52006DB382 /* Storage */ = {
			isa = XCSwiftPackageProductDependency;
			package = B48845DD2E461DAF006DB382 /* XCRemoteSwiftPackageReference "supabase-swift" */;
			productName = Storage;
		};
		B48846052E461E52006DB382 /* Supabase */ = {
			isa = XCSwiftPackageProductDependency;
			package = B48845DD2E461DAF006DB382 /* XCRemoteSwiftPackageReference "supabase-swift" */;
			productName = Supabase;
		};
		B49DA99D2E50A88800B0E571 /* ConfidentialKit */ = {
			isa = XCSwiftPackageProductDependency;
			package = B49DA99C2E50A88800B0E571 /* XCRemoteSwiftPackageReference "swift-confidential" */;
			productName = ConfidentialKit;
		};
		B49DA99F2E50A8B800B0E571 /* Confidential */ = {
			isa = XCSwiftPackageProductDependency;
			package = B49DA9942E50A40300B0E571 /* XCRemoteSwiftPackageReference "swift-confidential-plugin" */;
			productName = "plugin:Confidential";
		};
		B4F0F7742F10A20E003E4A5C /* YouTubeiOSPlayerHelper */ = {
			isa = XCSwiftPackageProductDependency;
			package = B4F0F7732F10A20E003E4A5C /* XCRemoteSwiftPackageReference "youtube-ios-player-helper" */;
			productName = YouTubeiOSPlayerHelper;
		};
/* End XCSwiftPackageProductDependency section */
	};
	rootObject = B4A75FAF2E3D27CF005568C4 /* Project object */;
}
